<?xml version="1.0" encoding="utf-8"?>
<Project ToolsVersion="4.0" xmlns="http://schemas.microsoft.com/developer/msbuild/2003">
  <ItemGroup>
    <Filter Include="ソース ファイル">
      <UniqueIdentifier>{4FC737F1-C7A5-4376-A066-2A32D752A2FF}</UniqueIdentifier>
      <Extensions>cpp;c;cc;cxx;def;odl;idl;hpj;bat;asm;asmx</Extensions>
    </Filter>
    <Filter Include="ヘッダー ファイル">
      <UniqueIdentifier>{93995380-89BD-4b04-88EB-625FBE52EBFB}</UniqueIdentifier>
      <Extensions>h;hh;hpp;hxx;hm;inl;inc;xsd</Extensions>
    </Filter>
    <Filter Include="リソース ファイル">
      <UniqueIdentifier>{67DA6AB6-F800-4c08-8B7A-83BB121AAD01}</UniqueIdentifier>
      <Extensions>rc;ico;cur;bmp;dlg;rc2;rct;bin;rgs;gif;jpg;jpeg;jpe;resx;tiff;tif;png;wav;mfcribbon-ms</Extensions>
    </Filter>
    <Filter Include="ソース ファイル\class">
      <UniqueIdentifier>{bcb8fc6f-0f85-40a2-8564-cab1856243b4}</UniqueIdentifier>
    </Filter>
    <Filter Include="ヘッダー ファイル\class">
      <UniqueIdentifier>{55f25f29-326f-4cfb-a16a-a2ec56b21102}</UniqueIdentifier>
    </Filter>
    <Filter Include="ヘッダー ファイル\object">
      <UniqueIdentifier>{51f91580-0961-4537-86a7-41675a926789}</UniqueIdentifier>
    </Filter>
    <Filter Include="ソース ファイル\object">
      <UniqueIdentifier>{ed11b2db-7dd3-43cb-990a-cb00b76fe463}</UniqueIdentifier>
    </Filter>
    <Filter Include="ソース ファイル\game">
      <UniqueIdentifier>{be496623-cd7c-41e2-9b67-4411ba29e8da}</UniqueIdentifier>
    </Filter>
    <Filter Include="ヘッダー ファイル\game">
      <UniqueIdentifier>{e1e00dff-55b3-43de-aaa8-153858174525}</UniqueIdentifier>
    </Filter>
    <Filter Include="ソース ファイル\scene">
      <UniqueIdentifier>{85b54601-4659-4bd8-aaf0-2cc7840e04ff}</UniqueIdentifier>
    </Filter>
    <Filter Include="ヘッダー ファイル\scene">
      <UniqueIdentifier>{1260bb91-dc25-4007-ab8f-3aca05228c0c}</UniqueIdentifier>
    </Filter>
    <Filter Include="ソース ファイル\view">
      <UniqueIdentifier>{f7882efd-edb6-4aa0-9f36-cc76c025e764}</UniqueIdentifier>
    </Filter>
    <Filter Include="ヘッダー ファイル\view">
      <UniqueIdentifier>{2fbe2718-c9b6-4e97-9752-02849536aea8}</UniqueIdentifier>
    </Filter>
    <Filter Include="ソース ファイル\game\UI">
      <UniqueIdentifier>{bbce1544-ba77-433d-ab25-e75e65cad92b}</UniqueIdentifier>
    </Filter>
    <Filter Include="ヘッダー ファイル\game\UI">
      <UniqueIdentifier>{d58669ff-7eab-430b-957f-cdc613270b31}</UniqueIdentifier>
    </Filter>
  </ItemGroup>
  <ItemGroup>
    <ClCompile Include="main.cpp">
      <Filter>ソース ファイル</Filter>
    </ClCompile>
    <ClCompile Include="input.cpp">
      <Filter>ソース ファイル</Filter>
    </ClCompile>
    <ClCompile Include="DebugProcess.cpp">
      <Filter>ソース ファイル</Filter>
    </ClCompile>
    <ClCompile Include="source\class\Aclass_object.cpp">
      <Filter>ソース ファイル\class</Filter>
    </ClCompile>
    <ClCompile Include="source\object\Player.cpp">
      <Filter>ソース ファイル\object</Filter>
    </ClCompile>
    <ClCompile Include="Field.cpp">
      <Filter>ソース ファイル\object</Filter>
    </ClCompile>
    <ClCompile Include="light.cpp">
      <Filter>ソース ファイル\view</Filter>
    </ClCompile>
    <ClCompile Include="Camera.cpp">
      <Filter>ソース ファイル\view</Filter>
    </ClCompile>
    <ClCompile Include="sound.cpp">
      <Filter>ソース ファイル\game</Filter>
    </ClCompile>
    <ClCompile Include="Game.cpp">
      <Filter>ソース ファイル\game</Filter>
    </ClCompile>
    <ClCompile Include="Stage.cpp">
      <Filter>ソース ファイル\game</Filter>
    </ClCompile>
    <ClCompile Include="GuideUI.cpp">
      <Filter>ソース ファイル\game\UI</Filter>
    </ClCompile>
    <ClCompile Include="NotesUI.cpp">
      <Filter>ソース ファイル\game\UI</Filter>
    </ClCompile>
    <ClCompile Include="Back.cpp">
      <Filter>ソース ファイル\game</Filter>
    </ClCompile>
    <ClCompile Include="source\scene\fade.cpp">
      <Filter>ソース ファイル\scene</Filter>
    </ClCompile>
    <ClCompile Include="source\scene\result.cpp">
      <Filter>ソース ファイル\scene</Filter>
    </ClCompile>
    <ClCompile Include="source\scene\title.cpp">
      <Filter>ソース ファイル\scene</Filter>
    </ClCompile>
    <ClCompile Include="HPUI.cpp">
      <Filter>ソース ファイル\game\UI</Filter>
    </ClCompile>
    <ClCompile Include="StatusBarUI.cpp">
      <Filter>ソース ファイル\game\UI</Filter>
    </ClCompile>
    <ClCompile Include="source\class\ObjectBase.cpp">
      <Filter>ソース ファイル\class</Filter>
    </ClCompile>
    <ClCompile Include="source\scene\StageSelect.cpp">
      <Filter>ソース ファイル\scene</Filter>
    </ClCompile>
    <ClCompile Include="source\scene\Loading.cpp">
      <Filter>ソース ファイル\scene</Filter>
    </ClCompile>
  </ItemGroup>
  <ItemGroup>
    <ClInclude Include="input.h">
      <Filter>ヘッダー ファイル</Filter>
    </ClInclude>
    <ClInclude Include="main.h">
      <Filter>ヘッダー ファイル</Filter>
    </ClInclude>
    <ClInclude Include="DebugProcess.h">
      <Filter>ヘッダー ファイル</Filter>
    </ClInclude>
    <ClInclude Include="source\class\Aclass_object.h">
      <Filter>ヘッダー ファイル\class</Filter>
    </ClInclude>
    <ClInclude Include="source\object\Player.h">
      <Filter>ヘッダー ファイル\object</Filter>
    </ClInclude>
    <ClInclude Include="Field.h">
      <Filter>ヘッダー ファイル\object</Filter>
    </ClInclude>
    <ClInclude Include="light.h">
      <Filter>ヘッダー ファイル\view</Filter>
    </ClInclude>
    <ClInclude Include="Camera.h">
      <Filter>ヘッダー ファイル\view</Filter>
    </ClInclude>
    <ClInclude Include="sound.h">
      <Filter>ヘッダー ファイル\game</Filter>
    </ClInclude>
    <ClInclude Include="Game.h">
      <Filter>ヘッダー ファイル\game</Filter>
    </ClInclude>
    <ClInclude Include="Stage.h">
      <Filter>ヘッダー ファイル\game</Filter>
    </ClInclude>
    <ClInclude Include="GuideUI.h">
      <Filter>ヘッダー ファイル\game\UI</Filter>
    </ClInclude>
    <ClInclude Include="NotesUI.h">
      <Filter>ヘッダー ファイル\game\UI</Filter>
    </ClInclude>
    <ClInclude Include="Back.h">
      <Filter>ヘッダー ファイル\game</Filter>
    </ClInclude>
    <ClInclude Include="source\scene\fade.h">
      <Filter>ヘッダー ファイル\scene</Filter>
    </ClInclude>
    <ClInclude Include="source\scene\result.h">
      <Filter>ヘッダー ファイル\scene</Filter>
    </ClInclude>
    <ClInclude Include="source\scene\title.h">
      <Filter>ヘッダー ファイル\scene</Filter>
    </ClInclude>
    <ClInclude Include="HPUI.h">
      <Filter>ヘッダー ファイル\game\UI</Filter>
    </ClInclude>
    <ClInclude Include="StatusBarUI.h">
      <Filter>ヘッダー ファイル\game\UI</Filter>
    </ClInclude>
    <ClInclude Include="source\class\ObjectBase.h">
      <Filter>ヘッダー ファイル\class</Filter>
    </ClInclude>
    <ClInclude Include="source\scene\StageSelect.h">
      <Filter>ヘッダー ファイル\scene</Filter>
    </ClInclude>
    <ClInclude Include="source\scene\Loading.h">
      <Filter>ヘッダー ファイル\scene</Filter>
    </ClInclude>
  </ItemGroup>
</Project>